
Microsoft Visual Studio Solution File, Format Version 12.00
# Visual Studio Version 17
VisualStudioVersion = 17.1.32210.238
MinimumVisualStudioVersion = 10.0.40219.1
Project("{FAE04EC0-301F-11D3-BF4B-00C04F79EFBC}") = "LoginForm", "LoginForm\LoginForm.csproj", "{4F764248-AF78-4FA1-AABB-95A6EE3F4F0B}"
EndProject
Global
	GlobalSection(SolutionConfigurationPlatforms) = preSolution
		Debug|Any CPU = Debug|Any CPU
		Release|Any CPU = Release|Any CPU
	EndGlobalSection
	GlobalSection(ProjectConfigurationPlatforms) = postSolution
		{4F764248-AF78-4FA1-AABB-95A6EE3F4F0B}.Debug|Any CPU.ActiveCfg = Debug|Any CPU
		{4F764248-AF78-4FA1-AABB-95A6EE3F4F0B}.Debug|Any CPU.Build.0 = Debug|Any CPU
		{4F764248-AF78-4FA1-AABB-95A6EE3F4F0B}.Release|Any CPU.ActiveCfg = Release|Any CPU
		{4F764248-AF78-4FA1-AABB-95A6EE3F4F0B}.Release|Any CPU.Build.0 = Release|Any CPU
	EndGlobalSection
	GlobalSection(SolutionProperties) = preSolution
		HideSolutionNode = FALSE
	EndGlobalSection
	GlobalSection(ExtensibilityGlobals) = postSolution
		SolutionGuid = {65878E49-9E99-4DF9-95ED-7240C13FBDFD}
	EndGlobalSection
EndGlobal
